
Microsoft Visual Studio Solution File, Format Version 12.00
# Visual Studio 2012
Project("{FAE04EC0-301F-11D3-BF4B-00C04F79EFBC}") = "Roc.Validation", "Roc.Validation\Roc.Validation.csproj", "{7936E37E-A54D-447B-96BE-98B5F27FBC62}"
EndProject
Project("{FAE04EC0-301F-11D3-BF4B-00C04F79EFBC}") = "Roc.TEST", "Roc.TEST\Roc.TEST.csproj", "{C85DBF63-46B6-4866-8A9F-299BBC9AAD8A}"
EndProject
Global
	GlobalSection(SolutionConfigurationPlatforms) = preSolution
		Debug|Any CPU = Debug|Any CPU
		Release|Any CPU = Release|Any CPU
	EndGlobalSection
	GlobalSection(ProjectConfigurationPlatforms) = postSolution
		{7936E37E-A54D-447B-96BE-98B5F27FBC62}.Debug|Any CPU.ActiveCfg = Debug|Any CPU
		{7936E37E-A54D-447B-96BE-98B5F27FBC62}.Debug|Any CPU.Build.0 = Debug|Any CPU
		{7936E37E-A54D-447B-96BE-98B5F27FBC62}.Release|Any CPU.ActiveCfg = Release|Any CPU
		{7936E37E-A54D-447B-96BE-98B5F27FBC62}.Release|Any CPU.Build.0 = Release|Any CPU
		{C85DBF63-46B6-4866-8A9F-299BBC9AAD8A}.Debug|Any CPU.ActiveCfg = Debug|Any CPU
		{C85DBF63-46B6-4866-8A9F-299BBC9AAD8A}.Debug|Any CPU.Build.0 = Debug|Any CPU
		{C85DBF63-46B6-4866-8A9F-299BBC9AAD8A}.Release|Any CPU.ActiveCfg = Release|Any CPU
		{C85DBF63-46B6-4866-8A9F-299BBC9AAD8A}.Release|Any CPU.Build.0 = Release|Any CPU
	EndGlobalSection
	GlobalSection(SolutionProperties) = preSolution
		HideSolutionNode = FALSE
	EndGlobalSection
EndGlobal
